
Microsoft Visual Studio Solution File, Format Version 12.00
# Visual Studio Version 17
VisualStudioVersion = 17.7.34009.444
MinimumVisualStudioVersion = 10.0.40219.1
Project("{9A19103F-16F7-4668-BE54-9A1E7A4F7556}") = "ROTFrench", "ROTFrench.csproj", "{A28F4739-622E-4879-B978-5B4016F7B269}"
EndProject
Project("{2150E333-8FDC-42A3-9474-1A3956D46DE8}") = "Éléments de solution", "Éléments de solution", "{99F476C1-D025-4D96-81F3-A7793B1F130A}"
	ProjectSection(SolutionItems) = preProject
		..\changelog.txt = ..\changelog.txt
	EndProjectSection
EndProject
Project("{2150E333-8FDC-42A3-9474-1A3956D46DE8}") = "build", "build", "{DC0228B3-DF36-42F5-A8F9-B131934D6497}"
	ProjectSection(SolutionItems) = preProject
		..\build\common.props = ..\build\common.props
		..\build\common.targets = ..\build\common.targets
	EndProjectSection
EndProject
Project("{2150E333-8FDC-42A3-9474-1A3956D46DE8}") = "Properties", "Properties", "{5BB78FA9-74B7-448E-A2AB-24822FCC5F1A}"
	ProjectSection(SolutionItems) = preProject
		launchSettings.json = launchSettings.json
	EndProjectSection
EndProject
Global
	GlobalSection(SolutionConfigurationPlatforms) = preSolution
		Beta_Debug|x64 = Beta_Debug|x64
		Beta_Release|x64 = Beta_Release|x64
		Minimal_Debug|x64 = Minimal_Debug|x64
		Minimal_Release|x64 = Minimal_Release|x64
		Stable_Debug|x64 = Stable_Debug|x64
		Stable_Release|x64 = Stable_Release|x64
	EndGlobalSection
	GlobalSection(ProjectConfigurationPlatforms) = postSolution
		{A28F4739-622E-4879-B978-5B4016F7B269}.Beta_Debug|x64.ActiveCfg = Debug|x64
		{A28F4739-622E-4879-B978-5B4016F7B269}.Beta_Debug|x64.Build.0 = Debug|x64
		{A28F4739-622E-4879-B978-5B4016F7B269}.Beta_Release|x64.ActiveCfg = Release|x64
		{A28F4739-622E-4879-B978-5B4016F7B269}.Beta_Release|x64.Build.0 = Release|x64
		{A28F4739-622E-4879-B978-5B4016F7B269}.Minimal_Debug|x64.ActiveCfg = Minimal_Debug|x64
		{A28F4739-622E-4879-B978-5B4016F7B269}.Minimal_Debug|x64.Build.0 = Minimal_Debug|x64
		{A28F4739-622E-4879-B978-5B4016F7B269}.Minimal_Release|x64.ActiveCfg = Minimal_Release|x64
		{A28F4739-622E-4879-B978-5B4016F7B269}.Minimal_Release|x64.Build.0 = Minimal_Release|x64
		{A28F4739-622E-4879-B978-5B4016F7B269}.Stable_Debug|x64.ActiveCfg = Stable_Debug|x64
		{A28F4739-622E-4879-B978-5B4016F7B269}.Stable_Debug|x64.Build.0 = Stable_Debug|x64
		{A28F4739-622E-4879-B978-5B4016F7B269}.Stable_Release|x64.ActiveCfg = Stable_Release|x64
		{A28F4739-622E-4879-B978-5B4016F7B269}.Stable_Release|x64.Build.0 = Stable_Release|x64
	EndGlobalSection
	GlobalSection(SolutionProperties) = preSolution
		HideSolutionNode = FALSE
	EndGlobalSection
	GlobalSection(NestedProjects) = preSolution
		{DC0228B3-DF36-42F5-A8F9-B131934D6497} = {99F476C1-D025-4D96-81F3-A7793B1F130A}
	EndGlobalSection
	GlobalSection(ExtensibilityGlobals) = postSolution
		SolutionGuid = {23B2A5FB-1699-4045-95E6-79CAA04B6B99}
	EndGlobalSection
EndGlobal
